
Microsoft Visual Studio Solution File, Format Version 12.00
# Visual Studio Version 17
VisualStudioVersion = 17.10.35027.167
MinimumVisualStudioVersion = 10.0.40219.1
Project("{9A19103F-16F7-4668-BE54-9A1E7A4F7556}") = "OldPhonePad", "OldPhonePad\OldPhonePad.csproj", "{85416762-7ADA-4F74-BCF2-03060716CE74}"
EndProject
Project("{FAE04EC0-301F-11D3-BF4B-00C04F79EFBC}") = "OldPhonePad.UnitTest", "..\OldPhonePad.UnitTest\OldPhonePad.UnitTest.csproj", "{5EF7AC90-7528-4CA8-B8CA-0637BB50F837}"
EndProject
Global
	GlobalSection(SolutionConfigurationPlatforms) = preSolution
		Debug|Any CPU = Debug|Any CPU
		Release|Any CPU = Release|Any CPU
	EndGlobalSection
	GlobalSection(ProjectConfigurationPlatforms) = postSolution
		{85416762-7ADA-4F74-BCF2-03060716CE74}.Debug|Any CPU.ActiveCfg = Debug|Any CPU
		{85416762-7ADA-4F74-BCF2-03060716CE74}.Debug|Any CPU.Build.0 = Debug|Any CPU
		{85416762-7ADA-4F74-BCF2-03060716CE74}.Release|Any CPU.ActiveCfg = Release|Any CPU
		{85416762-7ADA-4F74-BCF2-03060716CE74}.Release|Any CPU.Build.0 = Release|Any CPU
		{5EF7AC90-7528-4CA8-B8CA-0637BB50F837}.Debug|Any CPU.ActiveCfg = Debug|Any CPU
		{5EF7AC90-7528-4CA8-B8CA-0637BB50F837}.Debug|Any CPU.Build.0 = Debug|Any CPU
		{5EF7AC90-7528-4CA8-B8CA-0637BB50F837}.Release|Any CPU.ActiveCfg = Release|Any CPU
		{5EF7AC90-7528-4CA8-B8CA-0637BB50F837}.Release|Any CPU.Build.0 = Release|Any CPU
	EndGlobalSection
	GlobalSection(SolutionProperties) = preSolution
		HideSolutionNode = FALSE
	EndGlobalSection
	GlobalSection(ExtensibilityGlobals) = postSolution
		SolutionGuid = {22525DD3-31BF-467B-997D-C5E4C6F8F202}
	EndGlobalSection
EndGlobal
